
Microsoft Visual Studio Solution File, Format Version 12.00
# Visual Studio Version 16
VisualStudioVersion = 25.0.1703.5
MinimumVisualStudioVersion = 10.0.40219.1
Project("{FAE04EC0-301F-11D3-BF4B-00C04F79EFBC}") = "ConsoleUI", "program\ConsoleUI.csproj", "{5C30CE54-A843-4D08-87B6-FE6CB5C359DF}"
EndProject
Project("{FAE04EC0-301F-11D3-BF4B-00C04F79EFBC}") = "Entities", "Entities\Entities.csproj", "{AD37CED2-88FA-4A57-A945-480EE022F3F5}"
EndProject
Project("{FAE04EC0-301F-11D3-BF4B-00C04F79EFBC}") = "Business", "Business\Business.csproj", "{27E08012-AAB1-4756-A97E-6F570C0740EE}"
EndProject
Global
	GlobalSection(SolutionConfigurationPlatforms) = preSolution
		Debug|Any CPU = Debug|Any CPU
		Release|Any CPU = Release|Any CPU
	EndGlobalSection
	GlobalSection(ProjectConfigurationPlatforms) = postSolution
		{5C30CE54-A843-4D08-87B6-FE6CB5C359DF}.Debug|Any CPU.ActiveCfg = Debug|Any CPU
		{5C30CE54-A843-4D08-87B6-FE6CB5C359DF}.Debug|Any CPU.Build.0 = Debug|Any CPU
		{5C30CE54-A843-4D08-87B6-FE6CB5C359DF}.Release|Any CPU.ActiveCfg = Release|Any CPU
		{5C30CE54-A843-4D08-87B6-FE6CB5C359DF}.Release|Any CPU.Build.0 = Release|Any CPU
		{AD37CED2-88FA-4A57-A945-480EE022F3F5}.Debug|Any CPU.ActiveCfg = Debug|Any CPU
		{AD37CED2-88FA-4A57-A945-480EE022F3F5}.Debug|Any CPU.Build.0 = Debug|Any CPU
		{AD37CED2-88FA-4A57-A945-480EE022F3F5}.Release|Any CPU.ActiveCfg = Release|Any CPU
		{AD37CED2-88FA-4A57-A945-480EE022F3F5}.Release|Any CPU.Build.0 = Release|Any CPU
		{27E08012-AAB1-4756-A97E-6F570C0740EE}.Debug|Any CPU.ActiveCfg = Debug|Any CPU
		{27E08012-AAB1-4756-A97E-6F570C0740EE}.Debug|Any CPU.Build.0 = Debug|Any CPU
		{27E08012-AAB1-4756-A97E-6F570C0740EE}.Release|Any CPU.ActiveCfg = Release|Any CPU
		{27E08012-AAB1-4756-A97E-6F570C0740EE}.Release|Any CPU.Build.0 = Release|Any CPU
	EndGlobalSection
	GlobalSection(SolutionProperties) = preSolution
		HideSolutionNode = FALSE
	EndGlobalSection
	GlobalSection(ExtensibilityGlobals) = postSolution
		SolutionGuid = {C51EAFC5-1028-41C8-998C-1A51EF133348}
	EndGlobalSection
EndGlobal
